{
  "originHash" : "cb7becd35cc61c568d4171c2058bbab46ff384cf0fb9851f346f0dc8d8d1695d",
  "pins" : [
    {
      "identity" : "arclogger",
      "kind" : "remoteSourceControl",
      "location" : "https://github.com/arclabs-studio/ARCLogger.git",
      "state" : {
        "revision" : "c6fcb3571628d315e9fc7c00f28c12ac99fe42ca",
        "version" : "1.0.0"
      }
    },
    {
      "identity" : "arcnetworking",
      "kind" : "remoteSourceControl",
      "location" : "https://github.com/arclabs-studio/ARCNetworking.git",
      "state" : {
        "revision" : "ab878f591fa164f3ea852507fa15c88ce069b1fb",
        "version" : "1.0.0"
      }
    },
    {
      "identity" : "arcstorage",
      "kind" : "remoteSourceControl",
      "location" : "https://github.com/arclabs-studio/ARCStorage.git",
      "state" : {
        "revision" : "738f5062b154838c19a002f21f25f299820768e5",
        "version" : "1.3.0"
      }
    }
  ],
  "version" : 3
}
