{
  "originHash" : "b32e0057a16ad332a3007e77aa2655ad53fc9520733cb9e73bf07a83fa8e08f5",
  "pins" : [
    {
      "identity" : "arclogger",
      "kind" : "remoteSourceControl",
      "location" : "https://github.com/arclabs-studio/ARCLogger.git",
      "state" : {
        "revision" : "c6fcb3571628d315e9fc7c00f28c12ac99fe42ca",
        "version" : "1.0.0"
      }
    },
    {
      "identity" : "arcnetworking",
      "kind" : "remoteSourceControl",
      "location" : "https://github.com/arclabs-studio/ARCNetworking.git",
      "state" : {
        "branch" : "develop",
        "revision" : "3ad7df9acfc112a012550a8b9d80ec76c6c15163"
      }
    },
    {
      "identity" : "swift-http-types",
      "kind" : "remoteSourceControl",
      "location" : "https://github.com/apple/swift-http-types",
      "state" : {
        "revision" : "45eb0224913ea070ec4fba17291b9e7ecf4749ca",
        "version" : "1.5.1"
      }
    }
  ],
  "version" : 3
}
